// !$*UTF8*$!
{
	archiveVersion = 1;
	classes = {
	};
	objectVersion = 46;
	objects = {

/* Begin PBXBuildFile section */
		AE42F21C1E4370B8004463C5 /* Archive.c in Sources */ = {isa = PBXBuildFile; fileRef = AE42F2141E4370B8004463C5 /* Archive.c */; };
		AE42F21D1E4370B8004463C5 /* ArchivePage.c in Sources */ = {isa = PBXBuildFile; fileRef = AE42F2161E4370B8004463C5 /* ArchivePage.c */; };
		AE42F21E1E4370B8004463C5 /* HashIndex.c in Sources */ = {isa = PBXBuildFile; fileRef = AE42F2191E4370B8004463C5 /* HashIndex.c */; };
		AE42F21F1E4370B8004463C5 /* main.c in Sources */ = {isa = PBXBuildFile; fileRef = AE42F21B1E4370B8004463C5 /* main.c */; };
		AE5E49FD1E43A9C1002D2851 /* HashIndexPack.c in Sources */ = {isa = PBXBuildFile; fileRef = AE5E49FB1E43A9C1002D2851 /* HashIndexPack.c */; };
/* End PBXBuildFile section */

/* Begin PBXCopyFilesBuildPhase section */
		AE42F1FB1E425985004463C5 /* CopyFiles */ = {
			isa = PBXCopyFilesBuildPhase;
			buildActionMask = 2147483647;
			dstPath = /usr/share/man/man1/;
			dstSubfolderSpec = 0;
			files = (
			);
			runOnlyForDeploymentPostprocessing = 1;
		};
/* End PBXCopyFilesBuildPhase section */

/* Begin PBXFileReference section */
		AE42F1FD1E425985004463C5 /* ArchiveLib */ = {isa = PBXFileReference; explicitFileType = "compiled.mach-o.executable"; includeInIndex = 0; path = ArchiveLib; sourceTree = BUILT_PRODUCTS_DIR; };
		AE42F2141E4370B8004463C5 /* Archive.c */ = {isa = PBXFileReference; fileEncoding = 4; lastKnownFileType = sourcecode.c.c; name = Archive.c; path = archive/Archive.c; sourceTree = SOURCE_ROOT; };
		AE42F2151E4370B8004463C5 /* Archive.h */ = {isa = PBXFileReference; fileEncoding = 4; lastKnownFileType = sourcecode.c.h; name = Archive.h; path = archive/Archive.h; sourceTree = SOURCE_ROOT; };
		AE42F2161E4370B8004463C5 /* ArchivePage.c */ = {isa = PBXFileReference; fileEncoding = 4; lastKnownFileType = sourcecode.c.c; name = ArchivePage.c; path = archive/ArchivePage.c; sourceTree = SOURCE_ROOT; };
		AE42F2171E4370B8004463C5 /* ArchivePage.h */ = {isa = PBXFileReference; fileEncoding = 4; lastKnownFileType = sourcecode.c.h; name = ArchivePage.h; path = archive/ArchivePage.h; sourceTree = SOURCE_ROOT; };
		AE42F2181E4370B8004463C5 /* Errors.h */ = {isa = PBXFileReference; fileEncoding = 4; lastKnownFileType = sourcecode.c.h; name = Errors.h; path = archive/Errors.h; sourceTree = SOURCE_ROOT; };
		AE42F2191E4370B8004463C5 /* HashIndex.c */ = {isa = PBXFileReference; fileEncoding = 4; lastKnownFileType = sourcecode.c.c; name = HashIndex.c; path = archive/HashIndex.c; sourceTree = SOURCE_ROOT; };
		AE42F21A1E4370B8004463C5 /* HashIndex.h */ = {isa = PBXFileReference; fileEncoding = 4; lastKnownFileType = sourcecode.c.h; name = HashIndex.h; path = archive/HashIndex.h; sourceTree = SOURCE_ROOT; };
		AE42F21B1E4370B8004463C5 /* main.c */ = {isa = PBXFileReference; fileEncoding = 4; lastKnownFileType = sourcecode.c.c; name = main.c; path = archive/main.c; sourceTree = SOURCE_ROOT; };
		AE5E49FB1E43A9C1002D2851 /* HashIndexPack.c */ = {isa = PBXFileReference; fileEncoding = 4; lastKnownFileType = sourcecode.c.c; name = HashIndexPack.c; path = archive/HashIndexPack.c; sourceTree = SOURCE_ROOT; };
		AE5E49FC1E43A9C1002D2851 /* HashIndexPack.h */ = {isa = PBXFileReference; fileEncoding = 4; lastKnownFileType = sourcecode.c.h; name = HashIndexPack.h; path = archive/HashIndexPack.h; sourceTree = SOURCE_ROOT; };
		AE5E49FE1E43B6F9002D2851 /* Endian.h */ = {isa = PBXFileReference; lastKnownFileType = sourcecode.c.h; name = Endian.h; path = archive/Endian.h; sourceTree = SOURCE_ROOT; };
/* End PBXFileReference section */

/* Begin PBXFrameworksBuildPhase section */
		AE42F1FA1E425985004463C5 /* Frameworks */ = {
			isa = PBXFrameworksBuildPhase;
			buildActionMask = 2147483647;
			files = (
			);
			runOnlyForDeploymentPostprocessing = 0;
		};
/* End PBXFrameworksBuildPhase section */

/* Begin PBXGroup section */
		AE42F1F41E425985004463C5 = {
			isa = PBXGroup;
			children = (
				AE42F1FF1E425985004463C5 /* ArchiveLib */,
				AE42F1FE1E425985004463C5 /* Products */,
			);
			sourceTree = "<group>";
		};
		AE42F1FE1E425985004463C5 /* Products */ = {
			isa = PBXGroup;
			children = (
				AE42F1FD1E425985004463C5 /* ArchiveLib */,
			);
			name = Products;
			sourceTree = "<group>";
		};
		AE42F1FF1E425985004463C5 /* ArchiveLib */ = {
			isa = PBXGroup;
			children = (
				AE42F21B1E4370B8004463C5 /* main.c */,
				AE42F2101E4259E0004463C5 /* ArchiveLib */,
			);
			path = ArchiveLib;
			sourceTree = "<group>";
		};
		AE42F2101E4259E0004463C5 /* ArchiveLib */ = {
			isa = PBXGroup;
			children = (
				AE42F2141E4370B8004463C5 /* Archive.c */,
				AE42F2151E4370B8004463C5 /* Archive.h */,
				AE42F2161E4370B8004463C5 /* ArchivePage.c */,
				AE42F2171E4370B8004463C5 /* ArchivePage.h */,
				AE42F2191E4370B8004463C5 /* HashIndex.c */,
				AE42F21A1E4370B8004463C5 /* HashIndex.h */,
				AE5E49FB1E43A9C1002D2851 /* HashIndexPack.c */,
				AE5E49FC1E43A9C1002D2851 /* HashIndexPack.h */,
				AE42F2181E4370B8004463C5 /* Errors.h */,
				AE5E49FE1E43B6F9002D2851 /* Endian.h */,
			);
			name = ArchiveLib;
			sourceTree = "<group>";
		};
/* End PBXGroup section */

/* Begin PBXNativeTarget section */
		AE42F1FC1E425985004463C5 /* ArchiveLib */ = {
			isa = PBXNativeTarget;
			buildConfigurationList = AE42F2041E425985004463C5 /* Build configuration list for PBXNativeTarget "ArchiveLib" */;
			buildPhases = (
				AE42F1F91E425985004463C5 /* Sources */,
				AE42F1FA1E425985004463C5 /* Frameworks */,
				AE42F1FB1E425985004463C5 /* CopyFiles */,
			);
			buildRules = (
			);
			dependencies = (
			);
			name = ArchiveLib;
			productName = ArchiveLib;
			productReference = AE42F1FD1E425985004463C5 /* ArchiveLib */;
			productType = "com.apple.product-type.tool";
		};
/* End PBXNativeTarget section */

/* Begin PBXProject section */
		AE42F1F51E425985004463C5 /* Project object */ = {
			isa = PBXProject;
			attributes = {
				LastUpgradeCheck = 0820;
				ORGANIZATIONNAME = Paw;
				TargetAttributes = {
					AE42F1FC1E425985004463C5 = {
						CreatedOnToolsVersion = 8.2.1;
						ProvisioningStyle = Automatic;
					};
				};
			};
			buildConfigurationList = AE42F1F81E425985004463C5 /* Build configuration list for PBXProject "ArchiveLib" */;
			compatibilityVersion = "Xcode 3.2";
			developmentRegion = English;
			hasScannedForEncodings = 0;
			knownRegions = (
				en,
			);
			mainGroup = AE42F1F41E425985004463C5;
			productRefGroup = AE42F1FE1E425985004463C5 /* Products */;
			projectDirPath = "";
			projectRoot = "";
			targets = (
				AE42F1FC1E425985004463C5 /* ArchiveLib */,
			);
		};
/* End PBXProject section */

/* Begin PBXSourcesBuildPhase section */
		AE42F1F91E425985004463C5 /* Sources */ = {
			isa = PBXSourcesBuildPhase;
			buildActionMask = 2147483647;
			files = (
				AE42F21F1E4370B8004463C5 /* main.c in Sources */,
				AE5E49FD1E43A9C1002D2851 /* HashIndexPack.c in Sources */,
				AE42F21E1E4370B8004463C5 /* HashIndex.c in Sources */,
				AE42F21C1E4370B8004463C5 /* Archive.c in Sources */,
				AE42F21D1E4370B8004463C5 /* ArchivePage.c in Sources */,
			);
			runOnlyForDeploymentPostprocessing = 0;
		};
/* End PBXSourcesBuildPhase section */

/* Begin XCBuildConfiguration section */
		AE42F2021E425985004463C5 /* Debug */ = {
			isa = XCBuildConfiguration;
			buildSettings = {
				ALWAYS_SEARCH_USER_PATHS = NO;
				CLANG_ANALYZER_NONNULL = YES;
				CLANG_CXX_LANGUAGE_STANDARD = "gnu++0x";
				CLANG_CXX_LIBRARY = "libc++";
				CLANG_ENABLE_MODULES = YES;
				CLANG_ENABLE_OBJC_ARC = YES;
				CLANG_WARN_BOOL_CONVERSION = YES;
				CLANG_WARN_CONSTANT_CONVERSION = YES;
				CLANG_WARN_DIRECT_OBJC_ISA_USAGE = YES_ERROR;
				CLANG_WARN_DOCUMENTATION_COMMENTS = YES;
				CLANG_WARN_EMPTY_BODY = YES;
				CLANG_WARN_ENUM_CONVERSION = YES;
				CLANG_WARN_INFINITE_RECURSION = YES;
				CLANG_WARN_INT_CONVERSION = YES;
				CLANG_WARN_OBJC_ROOT_CLASS = YES_ERROR;
				CLANG_WARN_SUSPICIOUS_MOVE = YES;
				CLANG_WARN_UNREACHABLE_CODE = YES;
				CLANG_WARN__DUPLICATE_METHOD_MATCH = YES;
				CODE_SIGN_IDENTITY = "-";
				COPY_PHASE_STRIP = NO;
				DEBUG_INFORMATION_FORMAT = dwarf;
				ENABLE_STRICT_OBJC_MSGSEND = YES;
				ENABLE_TESTABILITY = YES;
				GCC_C_LANGUAGE_STANDARD = gnu99;
				GCC_DYNAMIC_NO_PIC = NO;
				GCC_NO_COMMON_BLOCKS = YES;
				GCC_OPTIMIZATION_LEVEL = 0;
				GCC_PREPROCESSOR_DEFINITIONS = (
					"DEBUG=1",
					"$(inherited)",
				);
				GCC_WARN_64_TO_32_BIT_CONVERSION = YES;
				GCC_WARN_ABOUT_RETURN_TYPE = YES_ERROR;
				GCC_WARN_UNDECLARED_SELECTOR = YES;
				GCC_WARN_UNINITIALIZED_AUTOS = YES_AGGRESSIVE;
				GCC_WARN_UNUSED_FUNCTION = YES;
				GCC_WARN_UNUSED_VARIABLE = YES;
				MACOSX_DEPLOYMENT_TARGET = 10.12;
				MTL_ENABLE_DEBUG_INFO = YES;
				ONLY_ACTIVE_ARCH = YES;
				SDKROOT = macosx;
			};
			name = Debug;
		};
		AE42F2031E425985004463C5 /* Release */ = {
			isa = XCBuildConfiguration;
			buildSettings = {
				ALWAYS_SEARCH_USER_PATHS = NO;
				CLANG_ANALYZER_NONNULL = YES;
				CLANG_CXX_LANGUAGE_STANDARD = "gnu++0x";
				CLANG_CXX_LIBRARY = "libc++";
				CLANG_ENABLE_MODULES = YES;
				CLANG_ENABLE_OBJC_ARC = YES;
				CLANG_WARN_BOOL_CONVERSION = YES;
				CLANG_WARN_CONSTANT_CONVERSION = YES;
				CLANG_WARN_DIRECT_OBJC_ISA_USAGE = YES_ERROR;
				CLANG_WARN_DOCUMENTATION_COMMENTS = YES;
				CLANG_WARN_EMPTY_BODY = YES;
				CLANG_WARN_ENUM_CONVERSION = YES;
				CLANG_WARN_INFINITE_RECURSION = YES;
				CLANG_WARN_INT_CONVERSION = YES;
				CLANG_WARN_OBJC_ROOT_CLASS = YES_ERROR;
				CLANG_WARN_SUSPICIOUS_MOVE = YES;
				CLANG_WARN_UNREACHABLE_CODE = YES;
				CLANG_WARN__DUPLICATE_METHOD_MATCH = YES;
				CODE_SIGN_IDENTITY = "-";
				COPY_PHASE_STRIP = NO;
				DEBUG_INFORMATION_FORMAT = "dwarf-with-dsym";
				ENABLE_NS_ASSERTIONS = NO;
				ENABLE_STRICT_OBJC_MSGSEND = YES;
				GCC_C_LANGUAGE_STANDARD = gnu99;
				GCC_NO_COMMON_BLOCKS = YES;
				GCC_WARN_64_TO_32_BIT_CONVERSION = YES;
				GCC_WARN_ABOUT_RETURN_TYPE = YES_ERROR;
				GCC_WARN_UNDECLARED_SELECTOR = YES;
				GCC_WARN_UNINITIALIZED_AUTOS = YES_AGGRESSIVE;
				GCC_WARN_UNUSED_FUNCTION = YES;
				GCC_WARN_UNUSED_VARIABLE = YES;
				MACOSX_DEPLOYMENT_TARGET = 10.12;
				MTL_ENABLE_DEBUG_INFO = NO;
				SDKROOT = macosx;
			};
			name = Release;
		};
		AE42F2051E425985004463C5 /* Debug */ = {
			isa = XCBuildConfiguration;
			buildSettings = {
				PRODUCT_NAME = "$(TARGET_NAME)";
			};
			name = Debug;
		};
		AE42F2061E425985004463C5 /* Release */ = {
			isa = XCBuildConfiguration;
			buildSettings = {
				PRODUCT_NAME = "$(TARGET_NAME)";
			};
			name = Release;
		};
/* End XCBuildConfiguration section */

/* Begin XCConfigurationList section */
		AE42F1F81E425985004463C5 /* Build configuration list for PBXProject "ArchiveLib" */ = {
			isa = XCConfigurationList;
			buildConfigurations = (
				AE42F2021E425985004463C5 /* Debug */,
				AE42F2031E425985004463C5 /* Release */,
			);
			defaultConfigurationIsVisible = 0;
			defaultConfigurationName = Release;
		};
		AE42F2041E425985004463C5 /* Build configuration list for PBXNativeTarget "ArchiveLib" */ = {
			isa = XCConfigurationList;
			buildConfigurations = (
				AE42F2051E425985004463C5 /* Debug */,
				AE42F2061E425985004463C5 /* Release */,
			);
			defaultConfigurationIsVisible = 0;
			defaultConfigurationName = Release;
		};
/* End XCConfigurationList section */
	};
	rootObject = AE42F1F51E425985004463C5 /* Project object */;
}
